
Microsoft Visual Studio Solution File, Format Version 12.00
# Visual Studio Version 17
VisualStudioVersion = 17.11.35327.3
MinimumVisualStudioVersion = 10.0.40219.1
Project("{FAE04EC0-301F-11D3-BF4B-00C04F79EFBC}") = "SocialMedia.UserManagement.Api", "SocialMedia.UserManagement\SocialMedia.UserManagement.Api.csproj", "{0B07C22E-B5A9-4B1D-8E74-02CF5B2D9C01}"
EndProject
Project("{FAE04EC0-301F-11D3-BF4B-00C04F79EFBC}") = "SocialMedia.UserManagement.Data", "SocialMedia.UserManagement.Data\SocialMedia.UserManagement.Data.csproj", "{61D469BD-93E6-4CF8-A9CD-10C4B7BED263}"
EndProject
Project("{FAE04EC0-301F-11D3-BF4B-00C04F79EFBC}") = "SocialMedia.UserManagement.DTO", "SocialMedia.UserManagement.DTO\SocialMedia.UserManagement.DTO.csproj", "{94D6E152-D3A4-45E1-BCAE-AD197981612C}"
EndProject
Global
	GlobalSection(SolutionConfigurationPlatforms) = preSolution
		Debug|Any CPU = Debug|Any CPU
		Release|Any CPU = Release|Any CPU
	EndGlobalSection
	GlobalSection(ProjectConfigurationPlatforms) = postSolution
		{0B07C22E-B5A9-4B1D-8E74-02CF5B2D9C01}.Debug|Any CPU.ActiveCfg = Debug|Any CPU
		{0B07C22E-B5A9-4B1D-8E74-02CF5B2D9C01}.Debug|Any CPU.Build.0 = Debug|Any CPU
		{0B07C22E-B5A9-4B1D-8E74-02CF5B2D9C01}.Release|Any CPU.ActiveCfg = Release|Any CPU
		{0B07C22E-B5A9-4B1D-8E74-02CF5B2D9C01}.Release|Any CPU.Build.0 = Release|Any CPU
		{61D469BD-93E6-4CF8-A9CD-10C4B7BED263}.Debug|Any CPU.ActiveCfg = Debug|Any CPU
		{61D469BD-93E6-4CF8-A9CD-10C4B7BED263}.Debug|Any CPU.Build.0 = Debug|Any CPU
		{61D469BD-93E6-4CF8-A9CD-10C4B7BED263}.Release|Any CPU.ActiveCfg = Release|Any CPU
		{61D469BD-93E6-4CF8-A9CD-10C4B7BED263}.Release|Any CPU.Build.0 = Release|Any CPU
		{94D6E152-D3A4-45E1-BCAE-AD197981612C}.Debug|Any CPU.ActiveCfg = Debug|Any CPU
		{94D6E152-D3A4-45E1-BCAE-AD197981612C}.Debug|Any CPU.Build.0 = Debug|Any CPU
		{94D6E152-D3A4-45E1-BCAE-AD197981612C}.Release|Any CPU.ActiveCfg = Release|Any CPU
		{94D6E152-D3A4-45E1-BCAE-AD197981612C}.Release|Any CPU.Build.0 = Release|Any CPU
	EndGlobalSection
	GlobalSection(SolutionProperties) = preSolution
		HideSolutionNode = FALSE
	EndGlobalSection
	GlobalSection(ExtensibilityGlobals) = postSolution
		SolutionGuid = {417651EA-A560-4B1F-A391-11A5ECADC382}
	EndGlobalSection
EndGlobal
